{
  "name": "Dino-Music",
  "lockfileVersion": 3,
  "requires": true,
  "packages": {
    "": {
      "dependencies": {
        "dino-music": "^1.1.5"
      }
    },
    "node_modules/dino-music": {
      "version": "1.1.5",
      "resolved": "https://registry.npmjs.org/dino-music/-/dino-music-1.1.5.tgz",
      "integrity": "sha512-+t7BIYq4BvchDQxfbopahsf/6r35PfOQHLx7TQxbTqKGAeriqbFtLWQmKVqx6RiBSSi7jyOEi1cVe8FmJPotdw=="
    }
  }
}
